
Microsoft Visual Studio Solution File, Format Version 12.00
# Visual Studio 15
VisualStudioVersion = 15.0.28010.2019
MinimumVisualStudioVersion = 10.0.40219.1
Project("{FAE04EC0-301F-11D3-BF4B-00C04F79EFBC}") = "my_repo_project", "my_repo_project\my_repo_project.csproj", "{CFFB332B-4150-4324-90AA-46EDC72EBE2A}"
EndProject
Global
	GlobalSection(SolutionConfigurationPlatforms) = preSolution
		Debug|Any CPU = Debug|Any CPU
		Release|Any CPU = Release|Any CPU
	EndGlobalSection
	GlobalSection(ProjectConfigurationPlatforms) = postSolution
		{CFFB332B-4150-4324-90AA-46EDC72EBE2A}.Debug|Any CPU.ActiveCfg = Debug|Any CPU
		{CFFB332B-4150-4324-90AA-46EDC72EBE2A}.Debug|Any CPU.Build.0 = Debug|Any CPU
		{CFFB332B-4150-4324-90AA-46EDC72EBE2A}.Release|Any CPU.ActiveCfg = Release|Any CPU
		{CFFB332B-4150-4324-90AA-46EDC72EBE2A}.Release|Any CPU.Build.0 = Release|Any CPU
	EndGlobalSection
	GlobalSection(SolutionProperties) = preSolution
		HideSolutionNode = FALSE
	EndGlobalSection
	GlobalSection(ExtensibilityGlobals) = postSolution
		SolutionGuid = {8A7B5217-B02F-40B6-96F6-BBE32C2FE13F}
	EndGlobalSection
EndGlobal
